// !$*UTF8*$!
{
	archiveVersion = 1;
	classes = {
	};
	objectVersion = 46;
	objects = {

/* Begin PBXBuildFile section */
		0701B0721EE93DB000861A73 /* water.gif in Resources */ = {isa = PBXBuildFile; fileRef = 0701B0711EE93DB000861A73 /* water.gif */; };
		0701B0741EE93EB400861A73 /* left-arrow.png in Resources */ = {isa = PBXBuildFile; fileRef = 0701B0731EE93EB400861A73 /* left-arrow.png */; };
		0701B0761EE941AD00861A73 /* Arrow.swift in Sources */ = {isa = PBXBuildFile; fileRef = 0701B0751EE941AD00861A73 /* Arrow.swift */; };
		0701B0781EE972BB00861A73 /* FlipperViewController.swift in Sources */ = {isa = PBXBuildFile; fileRef = 0701B0771EE972BB00861A73 /* FlipperViewController.swift */; };
		0701B07A1EE9748A00861A73 /* buns in Resources */ = {isa = PBXBuildFile; fileRef = 0701B0791EE9748A00861A73 /* buns */; };
		0701B07D1EE994A200861A73 /* iCarousel.m in Sources */ = {isa = PBXBuildFile; fileRef = 0701B07C1EE994A200861A73 /* iCarousel.m */; };
		0701B07F1EE9961100861A73 /* CarouselViewController.swift in Sources */ = {isa = PBXBuildFile; fileRef = 0701B07E1EE9961100861A73 /* CarouselViewController.swift */; };
		0701B0811EEAC34300861A73 /* PicViewController.swift in Sources */ = {isa = PBXBuildFile; fileRef = 0701B0801EEAC34300861A73 /* PicViewController.swift */; };
		0701B0831EEE8C1D00861A73 /* D2Controller.swift in Sources */ = {isa = PBXBuildFile; fileRef = 0701B0821EEE8C1D00861A73 /* D2Controller.swift */; };
		0701B0861EEE8CB100861A73 /* SpriteKit.framework in Frameworks */ = {isa = PBXBuildFile; fileRef = 0701B0851EEE8CB100861A73 /* SpriteKit.framework */; };
		0701B0881EEE8CB900861A73 /* SceneKit.framework in Frameworks */ = {isa = PBXBuildFile; fileRef = 0701B0871EEE8CB900861A73 /* SceneKit.framework */; };
		0701B08C1EEE93D100861A73 /* D2Scene.swift in Sources */ = {isa = PBXBuildFile; fileRef = 0701B08B1EEE93D100861A73 /* D2Scene.swift */; };
		0701B08E1EEE9CFB00861A73 /* sky in Resources */ = {isa = PBXBuildFile; fileRef = 0701B08D1EEE9CFB00861A73 /* sky */; };
		0701B0901EEEBF0E00861A73 /* d2.atlas in Resources */ = {isa = PBXBuildFile; fileRef = 0701B08F1EEEBF0E00861A73 /* d2.atlas */; };
		0701B0921EEEBF6000861A73 /* D2SpaceShip.swift in Sources */ = {isa = PBXBuildFile; fileRef = 0701B0911EEEBF6000861A73 /* D2SpaceShip.swift */; };
		0701B0941EEEC4B200861A73 /* D2ScoreLabel.swift in Sources */ = {isa = PBXBuildFile; fileRef = 0701B0931EEEC4B200861A73 /* D2ScoreLabel.swift */; };
		0701B09A1EEEE5E400861A73 /* D2Shot.swift in Sources */ = {isa = PBXBuildFile; fileRef = 0701B0991EEEE5E400861A73 /* D2Shot.swift */; };
		07252FAC1EE1992C00FC975F /* AppDelegate.swift in Sources */ = {isa = PBXBuildFile; fileRef = 07252FAB1EE1992C00FC975F /* AppDelegate.swift */; };
		07252FAE1EE1992C00FC975F /* RootViewController.swift in Sources */ = {isa = PBXBuildFile; fileRef = 07252FAD1EE1992C00FC975F /* RootViewController.swift */; };
		07252FB01EE1992C00FC975F /* DataViewController.swift in Sources */ = {isa = PBXBuildFile; fileRef = 07252FAF1EE1992C00FC975F /* DataViewController.swift */; };
		07252FB21EE1992C00FC975F /* ModelController.swift in Sources */ = {isa = PBXBuildFile; fileRef = 07252FB11EE1992C00FC975F /* ModelController.swift */; };
		07252FB51EE1992C00FC975F /* Main.storyboard in Resources */ = {isa = PBXBuildFile; fileRef = 07252FB31EE1992C00FC975F /* Main.storyboard */; };
		07252FB71EE1992C00FC975F /* Assets.xcassets in Resources */ = {isa = PBXBuildFile; fileRef = 07252FB61EE1992C00FC975F /* Assets.xcassets */; };
		07252FBA1EE1992C00FC975F /* LaunchScreen.storyboard in Resources */ = {isa = PBXBuildFile; fileRef = 07252FB81EE1992C00FC975F /* LaunchScreen.storyboard */; };
		07548B8C1EEFE28B00DEDD77 /* FireParticle.sks in Resources */ = {isa = PBXBuildFile; fileRef = 07548B8B1EEFE28B00DEDD77 /* FireParticle.sks */; };
		07AE1A9C1EE1ABA500698EAF /* UIImage+animatedGIF.m in Sources */ = {isa = PBXBuildFile; fileRef = 07AE1A9B1EE1ABA500698EAF /* UIImage+animatedGIF.m */; };
		07AE1AA11EE1AD2C00698EAF /* anibun1.gif in Resources */ = {isa = PBXBuildFile; fileRef = 07AE1A9E1EE1AD2C00698EAF /* anibun1.gif */; };
		07AE1AA21EE1AD2C00698EAF /* anibun2.gif in Resources */ = {isa = PBXBuildFile; fileRef = 07AE1A9F1EE1AD2C00698EAF /* anibun2.gif */; };
		07AE1AA31EE1AD2C00698EAF /* anibun3.gif in Resources */ = {isa = PBXBuildFile; fileRef = 07AE1AA01EE1AD2C00698EAF /* anibun3.gif */; };
		07AE1AA51EE1B64500698EAF /* meadow in Resources */ = {isa = PBXBuildFile; fileRef = 07AE1AA41EE1B64500698EAF /* meadow */; };
		07AE1AA81EE69CF300698EAF /* falling_leaves.1.gif in Resources */ = {isa = PBXBuildFile; fileRef = 07AE1AA61EE69CF300698EAF /* falling_leaves.1.gif */; };
		07AE1AA91EE69CF300698EAF /* falling_leaves.2.gif in Resources */ = {isa = PBXBuildFile; fileRef = 07AE1AA71EE69CF300698EAF /* falling_leaves.2.gif */; };
		07AE1AAD1EE6C96500698EAF /* Page2DViewController.swift in Sources */ = {isa = PBXBuildFile; fileRef = 07AE1AAC1EE6C96500698EAF /* Page2DViewController.swift */; };
		07F602A91EEF008100FBE08C /* D2Fox.swift in Sources */ = {isa = PBXBuildFile; fileRef = 07F602A81EEF008100FBE08C /* D2Fox.swift */; };
		07F602AD1EEFD16B00FBE08C /* Globals.swift in Sources */ = {isa = PBXBuildFile; fileRef = 07F602AC1EEFD16B00FBE08C /* Globals.swift */; };
		07F8D6681EF0266F00C53D15 /* D2SceneFinish.swift in Sources */ = {isa = PBXBuildFile; fileRef = 07F8D6671EF0266F00C53D15 /* D2SceneFinish.swift */; };
		07F8D66A1EF02EE800C53D15 /* D2Back.swift in Sources */ = {isa = PBXBuildFile; fileRef = 07F8D6691EF02EE800C53D15 /* D2Back.swift */; };
		07F8D66D1EF134E800C53D15 /* D3Controller.swift in Sources */ = {isa = PBXBuildFile; fileRef = 07F8D66C1EF134E800C53D15 /* D3Controller.swift */; };
		07F8D66F1EF136E100C53D15 /* D3Scene.swift in Sources */ = {isa = PBXBuildFile; fileRef = 07F8D66E1EF136E100C53D15 /* D3Scene.swift */; };
		07F8D6761EF14DCE00C53D15 /* SceneKitScene.scn in Resources */ = {isa = PBXBuildFile; fileRef = 07F8D6751EF14DCE00C53D15 /* SceneKitScene.scn */; };
		07F8D6781EF14F3C00C53D15 /* d3.scnassets in Resources */ = {isa = PBXBuildFile; fileRef = 07F8D6771EF14F3C00C53D15 /* d3.scnassets */; };
		07F8D67A1EF161B400C53D15 /* D3LandNode.swift in Sources */ = {isa = PBXBuildFile; fileRef = 07F8D6791EF161B400C53D15 /* D3LandNode.swift */; };
		07F8D67C1EF1797100C53D15 /* D3Node.swift in Sources */ = {isa = PBXBuildFile; fileRef = 07F8D67B1EF1797100C53D15 /* D3Node.swift */; };
		07F8D67E1EF17A1B00C53D15 /* D3TreeNode.swift in Sources */ = {isa = PBXBuildFile; fileRef = 07F8D67D1EF17A1B00C53D15 /* D3TreeNode.swift */; };
		07F8D6801EF1843600C53D15 /* D3MeNode.swift in Sources */ = {isa = PBXBuildFile; fileRef = 07F8D67F1EF1843600C53D15 /* D3MeNode.swift */; };
		07F8D6821EF3D94100C53D15 /* D3D2Scene.swift in Sources */ = {isa = PBXBuildFile; fileRef = 07F8D6811EF3D94100C53D15 /* D3D2Scene.swift */; };
		07F8D6841EF3F3AD00C53D15 /* D3D2Forward.swift in Sources */ = {isa = PBXBuildFile; fileRef = 07F8D6831EF3F3AD00C53D15 /* D3D2Forward.swift */; };
/* End PBXBuildFile section */

/* Begin PBXFileReference section */
		0701B0711EE93DB000861A73 /* water.gif */ = {isa = PBXFileReference; lastKnownFileType = image.gif; path = water.gif; sourceTree = "<group>"; };
		0701B0731EE93EB400861A73 /* left-arrow.png */ = {isa = PBXFileReference; lastKnownFileType = image.png; path = "left-arrow.png"; sourceTree = "<group>"; };
		0701B0751EE941AD00861A73 /* Arrow.swift */ = {isa = PBXFileReference; fileEncoding = 4; lastKnownFileType = sourcecode.swift; path = Arrow.swift; sourceTree = "<group>"; };
		0701B0771EE972BB00861A73 /* FlipperViewController.swift */ = {isa = PBXFileReference; fileEncoding = 4; lastKnownFileType = sourcecode.swift; path = FlipperViewController.swift; sourceTree = "<group>"; };
		0701B0791EE9748A00861A73 /* buns */ = {isa = PBXFileReference; lastKnownFileType = folder; path = buns; sourceTree = "<group>"; };
		0701B07B1EE994A200861A73 /* iCarousel.h */ = {isa = PBXFileReference; fileEncoding = 4; lastKnownFileType = sourcecode.c.h; name = iCarousel.h; path = icarousel/iCarousel.h; sourceTree = "<group>"; };
		0701B07C1EE994A200861A73 /* iCarousel.m */ = {isa = PBXFileReference; fileEncoding = 4; lastKnownFileType = sourcecode.c.objc; name = iCarousel.m; path = icarousel/iCarousel.m; sourceTree = "<group>"; };
		0701B07E1EE9961100861A73 /* CarouselViewController.swift */ = {isa = PBXFileReference; fileEncoding = 4; lastKnownFileType = sourcecode.swift; path = CarouselViewController.swift; sourceTree = "<group>"; };
		0701B0801EEAC34300861A73 /* PicViewController.swift */ = {isa = PBXFileReference; fileEncoding = 4; lastKnownFileType = sourcecode.swift; path = PicViewController.swift; sourceTree = "<group>"; };
		0701B0821EEE8C1D00861A73 /* D2Controller.swift */ = {isa = PBXFileReference; fileEncoding = 4; lastKnownFileType = sourcecode.swift; path = D2Controller.swift; sourceTree = "<group>"; };
		0701B0851EEE8CB100861A73 /* SpriteKit.framework */ = {isa = PBXFileReference; lastKnownFileType = wrapper.framework; name = SpriteKit.framework; path = System/Library/Frameworks/SpriteKit.framework; sourceTree = SDKROOT; };
		0701B0871EEE8CB900861A73 /* SceneKit.framework */ = {isa = PBXFileReference; lastKnownFileType = wrapper.framework; name = SceneKit.framework; path = System/Library/Frameworks/SceneKit.framework; sourceTree = SDKROOT; };
		0701B08B1EEE93D100861A73 /* D2Scene.swift */ = {isa = PBXFileReference; fileEncoding = 4; lastKnownFileType = sourcecode.swift; path = D2Scene.swift; sourceTree = "<group>"; };
		0701B08D1EEE9CFB00861A73 /* sky */ = {isa = PBXFileReference; lastKnownFileType = folder; name = sky; path = ../../../res/sky; sourceTree = "<group>"; };
		0701B08F1EEEBF0E00861A73 /* d2.atlas */ = {isa = PBXFileReference; lastKnownFileType = folder.skatlas; name = d2.atlas; path = ../../../res/d2.atlas; sourceTree = "<group>"; };
		0701B0911EEEBF6000861A73 /* D2SpaceShip.swift */ = {isa = PBXFileReference; fileEncoding = 4; lastKnownFileType = sourcecode.swift; path = D2SpaceShip.swift; sourceTree = "<group>"; };
		0701B0931EEEC4B200861A73 /* D2ScoreLabel.swift */ = {isa = PBXFileReference; fileEncoding = 4; lastKnownFileType = sourcecode.swift; path = D2ScoreLabel.swift; sourceTree = "<group>"; };
		0701B0991EEEE5E400861A73 /* D2Shot.swift */ = {isa = PBXFileReference; fileEncoding = 4; lastKnownFileType = sourcecode.swift; path = D2Shot.swift; sourceTree = "<group>"; };
		07252FA81EE1992C00FC975F /* iBun.app */ = {isa = PBXFileReference; explicitFileType = wrapper.application; includeInIndex = 0; path = iBun.app; sourceTree = BUILT_PRODUCTS_DIR; };
		07252FAB1EE1992C00FC975F /* AppDelegate.swift */ = {isa = PBXFileReference; lastKnownFileType = sourcecode.swift; path = AppDelegate.swift; sourceTree = "<group>"; };
		07252FAD1EE1992C00FC975F /* RootViewController.swift */ = {isa = PBXFileReference; lastKnownFileType = sourcecode.swift; path = RootViewController.swift; sourceTree = "<group>"; };
		07252FAF1EE1992C00FC975F /* DataViewController.swift */ = {isa = PBXFileReference; lastKnownFileType = sourcecode.swift; path = DataViewController.swift; sourceTree = "<group>"; };
		07252FB11EE1992C00FC975F /* ModelController.swift */ = {isa = PBXFileReference; lastKnownFileType = sourcecode.swift; path = ModelController.swift; sourceTree = "<group>"; };
		07252FB41EE1992C00FC975F /* Base */ = {isa = PBXFileReference; lastKnownFileType = file.storyboard; name = Base; path = Base.lproj/Main.storyboard; sourceTree = "<group>"; };
		07252FB61EE1992C00FC975F /* Assets.xcassets */ = {isa = PBXFileReference; lastKnownFileType = folder.assetcatalog; path = Assets.xcassets; sourceTree = "<group>"; };
		07252FB91EE1992C00FC975F /* Base */ = {isa = PBXFileReference; lastKnownFileType = file.storyboard; name = Base; path = Base.lproj/LaunchScreen.storyboard; sourceTree = "<group>"; };
		07252FBB1EE1992C00FC975F /* Info.plist */ = {isa = PBXFileReference; lastKnownFileType = text.plist.xml; path = Info.plist; sourceTree = "<group>"; };
		07548B8B1EEFE28B00DEDD77 /* FireParticle.sks */ = {isa = PBXFileReference; lastKnownFileType = file.sks; path = FireParticle.sks; sourceTree = "<group>"; };
		07AE1A991EE1ABA500698EAF /* iBun-Bridging-Header.h */ = {isa = PBXFileReference; lastKnownFileType = sourcecode.c.h; path = "iBun-Bridging-Header.h"; sourceTree = "<group>"; };
		07AE1A9A1EE1ABA500698EAF /* UIImage+animatedGIF.h */ = {isa = PBXFileReference; fileEncoding = 4; lastKnownFileType = sourcecode.c.h; path = "UIImage+animatedGIF.h"; sourceTree = "<group>"; };
		07AE1A9B1EE1ABA500698EAF /* UIImage+animatedGIF.m */ = {isa = PBXFileReference; fileEncoding = 4; lastKnownFileType = sourcecode.c.objc; path = "UIImage+animatedGIF.m"; sourceTree = "<group>"; };
		07AE1A9E1EE1AD2C00698EAF /* anibun1.gif */ = {isa = PBXFileReference; lastKnownFileType = image.gif; name = anibun1.gif; path = ../../../res/anibun1.gif; sourceTree = "<group>"; };
		07AE1A9F1EE1AD2C00698EAF /* anibun2.gif */ = {isa = PBXFileReference; lastKnownFileType = image.gif; name = anibun2.gif; path = ../../../res/anibun2.gif; sourceTree = "<group>"; };
		07AE1AA01EE1AD2C00698EAF /* anibun3.gif */ = {isa = PBXFileReference; lastKnownFileType = image.gif; name = anibun3.gif; path = ../../../res/anibun3.gif; sourceTree = "<group>"; };
		07AE1AA41EE1B64500698EAF /* meadow */ = {isa = PBXFileReference; lastKnownFileType = folder; path = meadow; sourceTree = "<group>"; };
		07AE1AA61EE69CF300698EAF /* falling_leaves.1.gif */ = {isa = PBXFileReference; lastKnownFileType = image.gif; path = falling_leaves.1.gif; sourceTree = "<group>"; };
		07AE1AA71EE69CF300698EAF /* falling_leaves.2.gif */ = {isa = PBXFileReference; lastKnownFileType = image.gif; path = falling_leaves.2.gif; sourceTree = "<group>"; };
		07AE1AAC1EE6C96500698EAF /* Page2DViewController.swift */ = {isa = PBXFileReference; fileEncoding = 4; lastKnownFileType = sourcecode.swift; path = Page2DViewController.swift; sourceTree = "<group>"; };
		07F602A81EEF008100FBE08C /* D2Fox.swift */ = {isa = PBXFileReference; fileEncoding = 4; lastKnownFileType = sourcecode.swift; path = D2Fox.swift; sourceTree = "<group>"; };
		07F602AC1EEFD16B00FBE08C /* Globals.swift */ = {isa = PBXFileReference; fileEncoding = 4; lastKnownFileType = sourcecode.swift; path = Globals.swift; sourceTree = "<group>"; };
		07F8D6671EF0266F00C53D15 /* D2SceneFinish.swift */ = {isa = PBXFileReference; fileEncoding = 4; lastKnownFileType = sourcecode.swift; path = D2SceneFinish.swift; sourceTree = "<group>"; };
		07F8D6691EF02EE800C53D15 /* D2Back.swift */ = {isa = PBXFileReference; fileEncoding = 4; lastKnownFileType = sourcecode.swift; path = D2Back.swift; sourceTree = "<group>"; };
		07F8D66C1EF134E800C53D15 /* D3Controller.swift */ = {isa = PBXFileReference; fileEncoding = 4; lastKnownFileType = sourcecode.swift; path = D3Controller.swift; sourceTree = "<group>"; };
		07F8D66E1EF136E100C53D15 /* D3Scene.swift */ = {isa = PBXFileReference; fileEncoding = 4; lastKnownFileType = sourcecode.swift; path = D3Scene.swift; sourceTree = "<group>"; };
		07F8D6751EF14DCE00C53D15 /* SceneKitScene.scn */ = {isa = PBXFileReference; lastKnownFileType = file.bplist; path = SceneKitScene.scn; sourceTree = "<group>"; };
		07F8D6771EF14F3C00C53D15 /* d3.scnassets */ = {isa = PBXFileReference; lastKnownFileType = wrapper.scnassets; path = d3.scnassets; sourceTree = "<group>"; };
		07F8D6791EF161B400C53D15 /* D3LandNode.swift */ = {isa = PBXFileReference; fileEncoding = 4; lastKnownFileType = sourcecode.swift; path = D3LandNode.swift; sourceTree = "<group>"; };
		07F8D67B1EF1797100C53D15 /* D3Node.swift */ = {isa = PBXFileReference; fileEncoding = 4; lastKnownFileType = sourcecode.swift; path = D3Node.swift; sourceTree = "<group>"; };
		07F8D67D1EF17A1B00C53D15 /* D3TreeNode.swift */ = {isa = PBXFileReference; fileEncoding = 4; lastKnownFileType = sourcecode.swift; path = D3TreeNode.swift; sourceTree = "<group>"; };
		07F8D67F1EF1843600C53D15 /* D3MeNode.swift */ = {isa = PBXFileReference; fileEncoding = 4; lastKnownFileType = sourcecode.swift; path = D3MeNode.swift; sourceTree = "<group>"; };
		07F8D6811EF3D94100C53D15 /* D3D2Scene.swift */ = {isa = PBXFileReference; fileEncoding = 4; lastKnownFileType = sourcecode.swift; path = D3D2Scene.swift; sourceTree = "<group>"; };
		07F8D6831EF3F3AD00C53D15 /* D3D2Forward.swift */ = {isa = PBXFileReference; fileEncoding = 4; lastKnownFileType = sourcecode.swift; path = D3D2Forward.swift; sourceTree = "<group>"; };
/* End PBXFileReference section */

/* Begin PBXFrameworksBuildPhase section */
		07252FA51EE1992C00FC975F /* Frameworks */ = {
			isa = PBXFrameworksBuildPhase;
			buildActionMask = 2147483647;
			files = (
				0701B0881EEE8CB900861A73 /* SceneKit.framework in Frameworks */,
				0701B0861EEE8CB100861A73 /* SpriteKit.framework in Frameworks */,
			);
			runOnlyForDeploymentPostprocessing = 0;
		};
/* End PBXFrameworksBuildPhase section */

/* Begin PBXGroup section */
		0701B0841EEE8CB100861A73 /* Frameworks */ = {
			isa = PBXGroup;
			children = (
				0701B0871EEE8CB900861A73 /* SceneKit.framework */,
				0701B0851EEE8CB100861A73 /* SpriteKit.framework */,
			);
			name = Frameworks;
			sourceTree = "<group>";
		};
		0701B08A1EEE93BA00861A73 /* 2d */ = {
			isa = PBXGroup;
			children = (
				0701B0821EEE8C1D00861A73 /* D2Controller.swift */,
				0701B08B1EEE93D100861A73 /* D2Scene.swift */,
				0701B0911EEEBF6000861A73 /* D2SpaceShip.swift */,
				0701B0931EEEC4B200861A73 /* D2ScoreLabel.swift */,
				0701B0991EEEE5E400861A73 /* D2Shot.swift */,
				07F602A81EEF008100FBE08C /* D2Fox.swift */,
				07F8D6671EF0266F00C53D15 /* D2SceneFinish.swift */,
				07F8D6691EF02EE800C53D15 /* D2Back.swift */,
			);
			name = 2d;
			sourceTree = "<group>";
		};
		07252F9F1EE1992C00FC975F = {
			isa = PBXGroup;
			children = (
				07252FAA1EE1992C00FC975F /* iBun */,
				07252FA91EE1992C00FC975F /* Products */,
				0701B0841EEE8CB100861A73 /* Frameworks */,
			);
			sourceTree = "<group>";
		};
		07252FA91EE1992C00FC975F /* Products */ = {
			isa = PBXGroup;
			children = (
				07252FA81EE1992C00FC975F /* iBun.app */,
			);
			name = Products;
			sourceTree = "<group>";
		};
		07252FAA1EE1992C00FC975F /* iBun */ = {
			isa = PBXGroup;
			children = (
				07F8D66B1EF134BD00C53D15 /* 3d */,
				07548B8B1EEFE28B00DEDD77 /* FireParticle.sks */,
				0701B08A1EEE93BA00861A73 /* 2d */,
				0701B07B1EE994A200861A73 /* iCarousel.h */,
				0701B07C1EE994A200861A73 /* iCarousel.m */,
				07AE1A9D1EE1AD1A00698EAF /* res */,
				07AE1A9A1EE1ABA500698EAF /* UIImage+animatedGIF.h */,
				07AE1A9B1EE1ABA500698EAF /* UIImage+animatedGIF.m */,
				07252FAB1EE1992C00FC975F /* AppDelegate.swift */,
				07252FAD1EE1992C00FC975F /* RootViewController.swift */,
				07252FAF1EE1992C00FC975F /* DataViewController.swift */,
				07252FB11EE1992C00FC975F /* ModelController.swift */,
				07AE1AAC1EE6C96500698EAF /* Page2DViewController.swift */,
				07252FB31EE1992C00FC975F /* Main.storyboard */,
				07252FB61EE1992C00FC975F /* Assets.xcassets */,
				07252FB81EE1992C00FC975F /* LaunchScreen.storyboard */,
				07252FBB1EE1992C00FC975F /* Info.plist */,
				07AE1A991EE1ABA500698EAF /* iBun-Bridging-Header.h */,
				0701B0751EE941AD00861A73 /* Arrow.swift */,
				0701B0771EE972BB00861A73 /* FlipperViewController.swift */,
				0701B07E1EE9961100861A73 /* CarouselViewController.swift */,
				0701B0801EEAC34300861A73 /* PicViewController.swift */,
				07F602AC1EEFD16B00FBE08C /* Globals.swift */,
				07F8D6751EF14DCE00C53D15 /* SceneKitScene.scn */,
				07F8D6771EF14F3C00C53D15 /* d3.scnassets */,
			);
			path = iBun;
			sourceTree = "<group>";
		};
		07AE1A9D1EE1AD1A00698EAF /* res */ = {
			isa = PBXGroup;
			children = (
				0701B08F1EEEBF0E00861A73 /* d2.atlas */,
				0701B08D1EEE9CFB00861A73 /* sky */,
				0701B0791EE9748A00861A73 /* buns */,
				0701B0731EE93EB400861A73 /* left-arrow.png */,
				0701B0711EE93DB000861A73 /* water.gif */,
				07AE1AA61EE69CF300698EAF /* falling_leaves.1.gif */,
				07AE1AA71EE69CF300698EAF /* falling_leaves.2.gif */,
				07AE1AA41EE1B64500698EAF /* meadow */,
				07AE1A9E1EE1AD2C00698EAF /* anibun1.gif */,
				07AE1A9F1EE1AD2C00698EAF /* anibun2.gif */,
				07AE1AA01EE1AD2C00698EAF /* anibun3.gif */,
			);
			name = res;
			sourceTree = "<group>";
		};
		07F8D66B1EF134BD00C53D15 /* 3d */ = {
			isa = PBXGroup;
			children = (
				07F8D66C1EF134E800C53D15 /* D3Controller.swift */,
				07F8D66E1EF136E100C53D15 /* D3Scene.swift */,
				07F8D6791EF161B400C53D15 /* D3LandNode.swift */,
				07F8D67B1EF1797100C53D15 /* D3Node.swift */,
				07F8D67D1EF17A1B00C53D15 /* D3TreeNode.swift */,
				07F8D67F1EF1843600C53D15 /* D3MeNode.swift */,
				07F8D6811EF3D94100C53D15 /* D3D2Scene.swift */,
				07F8D6831EF3F3AD00C53D15 /* D3D2Forward.swift */,
			);
			name = 3d;
			sourceTree = "<group>";
		};
/* End PBXGroup section */

/* Begin PBXNativeTarget section */
		07252FA71EE1992C00FC975F /* iBun */ = {
			isa = PBXNativeTarget;
			buildConfigurationList = 07252FBE1EE1992C00FC975F /* Build configuration list for PBXNativeTarget "iBun" */;
			buildPhases = (
				07252FA41EE1992C00FC975F /* Sources */,
				07252FA51EE1992C00FC975F /* Frameworks */,
				07252FA61EE1992C00FC975F /* Resources */,
			);
			buildRules = (
			);
			dependencies = (
			);
			name = iBun;
			productName = iBun;
			productReference = 07252FA81EE1992C00FC975F /* iBun.app */;
			productType = "com.apple.product-type.application";
		};
/* End PBXNativeTarget section */

/* Begin PBXProject section */
		07252FA01EE1992C00FC975F /* Project object */ = {
			isa = PBXProject;
			attributes = {
				LastSwiftUpdateCheck = 0830;
				LastUpgradeCheck = 0830;
				ORGANIZATIONNAME = h;
				TargetAttributes = {
					07252FA71EE1992C00FC975F = {
						CreatedOnToolsVersion = 8.3.2;
						LastSwiftMigration = 0830;
						ProvisioningStyle = Automatic;
					};
				};
			};
			buildConfigurationList = 07252FA31EE1992C00FC975F /* Build configuration list for PBXProject "iBun" */;
			compatibilityVersion = "Xcode 3.2";
			developmentRegion = English;
			hasScannedForEncodings = 0;
			knownRegions = (
				en,
				Base,
			);
			mainGroup = 07252F9F1EE1992C00FC975F;
			productRefGroup = 07252FA91EE1992C00FC975F /* Products */;
			projectDirPath = "";
			projectRoot = "";
			targets = (
				07252FA71EE1992C00FC975F /* iBun */,
			);
		};
/* End PBXProject section */

/* Begin PBXResourcesBuildPhase section */
		07252FA61EE1992C00FC975F /* Resources */ = {
			isa = PBXResourcesBuildPhase;
			buildActionMask = 2147483647;
			files = (
				0701B08E1EEE9CFB00861A73 /* sky in Resources */,
				0701B07A1EE9748A00861A73 /* buns in Resources */,
				07252FBA1EE1992C00FC975F /* LaunchScreen.storyboard in Resources */,
				0701B0901EEEBF0E00861A73 /* d2.atlas in Resources */,
				07AE1AA11EE1AD2C00698EAF /* anibun1.gif in Resources */,
				0701B0741EE93EB400861A73 /* left-arrow.png in Resources */,
				07252FB71EE1992C00FC975F /* Assets.xcassets in Resources */,
				07F8D6761EF14DCE00C53D15 /* SceneKitScene.scn in Resources */,
				07AE1AA81EE69CF300698EAF /* falling_leaves.1.gif in Resources */,
				07548B8C1EEFE28B00DEDD77 /* FireParticle.sks in Resources */,
				07AE1AA91EE69CF300698EAF /* falling_leaves.2.gif in Resources */,
				07AE1AA31EE1AD2C00698EAF /* anibun3.gif in Resources */,
				07AE1AA51EE1B64500698EAF /* meadow in Resources */,
				07252FB51EE1992C00FC975F /* Main.storyboard in Resources */,
				0701B0721EE93DB000861A73 /* water.gif in Resources */,
				07AE1AA21EE1AD2C00698EAF /* anibun2.gif in Resources */,
				07F8D6781EF14F3C00C53D15 /* d3.scnassets in Resources */,
			);
			runOnlyForDeploymentPostprocessing = 0;
		};
/* End PBXResourcesBuildPhase section */

/* Begin PBXSourcesBuildPhase section */
		07252FA41EE1992C00FC975F /* Sources */ = {
			isa = PBXSourcesBuildPhase;
			buildActionMask = 2147483647;
			files = (
				0701B07F1EE9961100861A73 /* CarouselViewController.swift in Sources */,
				07252FAE1EE1992C00FC975F /* RootViewController.swift in Sources */,
				07F8D66A1EF02EE800C53D15 /* D2Back.swift in Sources */,
				07F8D67A1EF161B400C53D15 /* D3LandNode.swift in Sources */,
				07F8D67C1EF1797100C53D15 /* D3Node.swift in Sources */,
				07252FB21EE1992C00FC975F /* ModelController.swift in Sources */,
				0701B0781EE972BB00861A73 /* FlipperViewController.swift in Sources */,
				0701B07D1EE994A200861A73 /* iCarousel.m in Sources */,
				07F8D6821EF3D94100C53D15 /* D3D2Scene.swift in Sources */,
				07F602A91EEF008100FBE08C /* D2Fox.swift in Sources */,
				0701B0941EEEC4B200861A73 /* D2ScoreLabel.swift in Sources */,
				0701B08C1EEE93D100861A73 /* D2Scene.swift in Sources */,
				07F602AD1EEFD16B00FBE08C /* Globals.swift in Sources */,
				07F8D6801EF1843600C53D15 /* D3MeNode.swift in Sources */,
				0701B0811EEAC34300861A73 /* PicViewController.swift in Sources */,
				07252FB01EE1992C00FC975F /* DataViewController.swift in Sources */,
				0701B0921EEEBF6000861A73 /* D2SpaceShip.swift in Sources */,
				07AE1A9C1EE1ABA500698EAF /* UIImage+animatedGIF.m in Sources */,
				07F8D6841EF3F3AD00C53D15 /* D3D2Forward.swift in Sources */,
				0701B09A1EEEE5E400861A73 /* D2Shot.swift in Sources */,
				0701B0761EE941AD00861A73 /* Arrow.swift in Sources */,
				07F8D6681EF0266F00C53D15 /* D2SceneFinish.swift in Sources */,
				07F8D66D1EF134E800C53D15 /* D3Controller.swift in Sources */,
				07AE1AAD1EE6C96500698EAF /* Page2DViewController.swift in Sources */,
				07F8D66F1EF136E100C53D15 /* D3Scene.swift in Sources */,
				07F8D67E1EF17A1B00C53D15 /* D3TreeNode.swift in Sources */,
				07252FAC1EE1992C00FC975F /* AppDelegate.swift in Sources */,
				0701B0831EEE8C1D00861A73 /* D2Controller.swift in Sources */,
			);
			runOnlyForDeploymentPostprocessing = 0;
		};
/* End PBXSourcesBuildPhase section */

/* Begin PBXVariantGroup section */
		07252FB31EE1992C00FC975F /* Main.storyboard */ = {
			isa = PBXVariantGroup;
			children = (
				07252FB41EE1992C00FC975F /* Base */,
			);
			name = Main.storyboard;
			sourceTree = "<group>";
		};
		07252FB81EE1992C00FC975F /* LaunchScreen.storyboard */ = {
			isa = PBXVariantGroup;
			children = (
				07252FB91EE1992C00FC975F /* Base */,
			);
			name = LaunchScreen.storyboard;
			sourceTree = "<group>";
		};
/* End PBXVariantGroup section */

/* Begin XCBuildConfiguration section */
		07252FBC1EE1992C00FC975F /* Debug */ = {
			isa = XCBuildConfiguration;
			buildSettings = {
				ALWAYS_SEARCH_USER_PATHS = NO;
				CLANG_ANALYZER_NONNULL = YES;
				CLANG_ANALYZER_NUMBER_OBJECT_CONVERSION = YES_AGGRESSIVE;
				CLANG_CXX_LANGUAGE_STANDARD = "gnu++0x";
				CLANG_CXX_LIBRARY = "libc++";
				CLANG_ENABLE_MODULES = YES;
				CLANG_ENABLE_OBJC_ARC = YES;
				CLANG_WARN_BOOL_CONVERSION = YES;
				CLANG_WARN_CONSTANT_CONVERSION = YES;
				CLANG_WARN_DIRECT_OBJC_ISA_USAGE = YES_ERROR;
				CLANG_WARN_DOCUMENTATION_COMMENTS = YES;
				CLANG_WARN_EMPTY_BODY = YES;
				CLANG_WARN_ENUM_CONVERSION = YES;
				CLANG_WARN_INFINITE_RECURSION = YES;
				CLANG_WARN_INT_CONVERSION = YES;
				CLANG_WARN_OBJC_ROOT_CLASS = YES_ERROR;
				CLANG_WARN_SUSPICIOUS_MOVE = YES;
				CLANG_WARN_UNREACHABLE_CODE = YES;
				CLANG_WARN__DUPLICATE_METHOD_MATCH = YES;
				"CODE_SIGN_IDENTITY[sdk=iphoneos*]" = "iPhone Developer";
				COPY_PHASE_STRIP = NO;
				DEBUG_INFORMATION_FORMAT = dwarf;
				ENABLE_STRICT_OBJC_MSGSEND = YES;
				ENABLE_TESTABILITY = YES;
				GCC_C_LANGUAGE_STANDARD = gnu99;
				GCC_DYNAMIC_NO_PIC = NO;
				GCC_NO_COMMON_BLOCKS = YES;
				GCC_OPTIMIZATION_LEVEL = 0;
				GCC_PREPROCESSOR_DEFINITIONS = (
					"DEBUG=1",
					"$(inherited)",
				);
				GCC_WARN_64_TO_32_BIT_CONVERSION = YES;
				GCC_WARN_ABOUT_RETURN_TYPE = YES_ERROR;
				GCC_WARN_UNDECLARED_SELECTOR = YES;
				GCC_WARN_UNINITIALIZED_AUTOS = YES_AGGRESSIVE;
				GCC_WARN_UNUSED_FUNCTION = YES;
				GCC_WARN_UNUSED_VARIABLE = YES;
				IPHONEOS_DEPLOYMENT_TARGET = 10.3;
				MTL_ENABLE_DEBUG_INFO = YES;
				ONLY_ACTIVE_ARCH = YES;
				SDKROOT = iphoneos;
				SWIFT_ACTIVE_COMPILATION_CONDITIONS = DEBUG;
				SWIFT_OPTIMIZATION_LEVEL = "-Onone";
			};
			name = Debug;
		};
		07252FBD1EE1992C00FC975F /* Release */ = {
			isa = XCBuildConfiguration;
			buildSettings = {
				ALWAYS_SEARCH_USER_PATHS = NO;
				CLANG_ANALYZER_NONNULL = YES;
				CLANG_ANALYZER_NUMBER_OBJECT_CONVERSION = YES_AGGRESSIVE;
				CLANG_CXX_LANGUAGE_STANDARD = "gnu++0x";
				CLANG_CXX_LIBRARY = "libc++";
				CLANG_ENABLE_MODULES = YES;
				CLANG_ENABLE_OBJC_ARC = YES;
				CLANG_WARN_BOOL_CONVERSION = YES;
				CLANG_WARN_CONSTANT_CONVERSION = YES;
				CLANG_WARN_DIRECT_OBJC_ISA_USAGE = YES_ERROR;
				CLANG_WARN_DOCUMENTATION_COMMENTS = YES;
				CLANG_WARN_EMPTY_BODY = YES;
				CLANG_WARN_ENUM_CONVERSION = YES;
				CLANG_WARN_INFINITE_RECURSION = YES;
				CLANG_WARN_INT_CONVERSION = YES;
				CLANG_WARN_OBJC_ROOT_CLASS = YES_ERROR;
				CLANG_WARN_SUSPICIOUS_MOVE = YES;
				CLANG_WARN_UNREACHABLE_CODE = YES;
				CLANG_WARN__DUPLICATE_METHOD_MATCH = YES;
				"CODE_SIGN_IDENTITY[sdk=iphoneos*]" = "iPhone Developer";
				COPY_PHASE_STRIP = NO;
				DEBUG_INFORMATION_FORMAT = "dwarf-with-dsym";
				ENABLE_NS_ASSERTIONS = NO;
				ENABLE_STRICT_OBJC_MSGSEND = YES;
				GCC_C_LANGUAGE_STANDARD = gnu99;
				GCC_NO_COMMON_BLOCKS = YES;
				GCC_WARN_64_TO_32_BIT_CONVERSION = YES;
				GCC_WARN_ABOUT_RETURN_TYPE = YES_ERROR;
				GCC_WARN_UNDECLARED_SELECTOR = YES;
				GCC_WARN_UNINITIALIZED_AUTOS = YES_AGGRESSIVE;
				GCC_WARN_UNUSED_FUNCTION = YES;
				GCC_WARN_UNUSED_VARIABLE = YES;
				IPHONEOS_DEPLOYMENT_TARGET = 10.3;
				MTL_ENABLE_DEBUG_INFO = NO;
				SDKROOT = iphoneos;
				SWIFT_OPTIMIZATION_LEVEL = "-Owholemodule";
				VALIDATE_PRODUCT = YES;
			};
			name = Release;
		};
		07252FBF1EE1992C00FC975F /* Debug */ = {
			isa = XCBuildConfiguration;
			buildSettings = {
				ASSETCATALOG_COMPILER_APPICON_NAME = AppIcon;
				CLANG_ENABLE_MODULES = YES;
				INFOPLIST_FILE = iBun/Info.plist;
				LD_RUNPATH_SEARCH_PATHS = "$(inherited) @executable_path/Frameworks";
				PRODUCT_BUNDLE_IDENTIFIER = com.ibun.iBun;
				PRODUCT_NAME = "$(TARGET_NAME)";
				SWIFT_OBJC_BRIDGING_HEADER = "iBun/iBun-Bridging-Header.h";
				SWIFT_OPTIMIZATION_LEVEL = "-Onone";
				SWIFT_VERSION = 3.0;
			};
			name = Debug;
		};
		07252FC01EE1992C00FC975F /* Release */ = {
			isa = XCBuildConfiguration;
			buildSettings = {
				ASSETCATALOG_COMPILER_APPICON_NAME = AppIcon;
				CLANG_ENABLE_MODULES = YES;
				INFOPLIST_FILE = iBun/Info.plist;
				LD_RUNPATH_SEARCH_PATHS = "$(inherited) @executable_path/Frameworks";
				PRODUCT_BUNDLE_IDENTIFIER = com.ibun.iBun;
				PRODUCT_NAME = "$(TARGET_NAME)";
				SWIFT_OBJC_BRIDGING_HEADER = "iBun/iBun-Bridging-Header.h";
				SWIFT_VERSION = 3.0;
			};
			name = Release;
		};
/* End XCBuildConfiguration section */

/* Begin XCConfigurationList section */
		07252FA31EE1992C00FC975F /* Build configuration list for PBXProject "iBun" */ = {
			isa = XCConfigurationList;
			buildConfigurations = (
				07252FBC1EE1992C00FC975F /* Debug */,
				07252FBD1EE1992C00FC975F /* Release */,
			);
			defaultConfigurationIsVisible = 0;
			defaultConfigurationName = Release;
		};
		07252FBE1EE1992C00FC975F /* Build configuration list for PBXNativeTarget "iBun" */ = {
			isa = XCConfigurationList;
			buildConfigurations = (
				07252FBF1EE1992C00FC975F /* Debug */,
				07252FC01EE1992C00FC975F /* Release */,
			);
			defaultConfigurationIsVisible = 0;
			defaultConfigurationName = Release;
		};
/* End XCConfigurationList section */
	};
	rootObject = 07252FA01EE1992C00FC975F /* Project object */;
}
